
Microsoft Visual Studio Solution File, Format Version 12.00
# Visual Studio 15
VisualStudioVersion = 15.0.26124.0
MinimumVisualStudioVersion = 15.0.26124.0
Project("{FAE04EC0-301F-11D3-BF4B-00C04F79EFBC}") = "API", "API\API.csproj", "{61AD5DCD-747B-4BFA-BE1F-DAB40423EBAE}"
EndProject
Project("{FAE04EC0-301F-11D3-BF4B-00C04F79EFBC}") = "Core", "core\Core.csproj", "{1564C264-C385-4C19-9974-8DE9FD2075BA}"
EndProject
Project("{FAE04EC0-301F-11D3-BF4B-00C04F79EFBC}") = "Infrastructure", "Infrastructure\Infrastructure.csproj", "{81CE98E9-16B8-4F6F-AB5A-34BF28004BC5}"
EndProject
Global
	GlobalSection(SolutionConfigurationPlatforms) = preSolution
		Debug|Any CPU = Debug|Any CPU
		Debug|x64 = Debug|x64
		Debug|x86 = Debug|x86
		Release|Any CPU = Release|Any CPU
		Release|x64 = Release|x64
		Release|x86 = Release|x86
	EndGlobalSection
	GlobalSection(SolutionProperties) = preSolution
		HideSolutionNode = FALSE
	EndGlobalSection
	GlobalSection(ProjectConfigurationPlatforms) = postSolution
		{61AD5DCD-747B-4BFA-BE1F-DAB40423EBAE}.Debug|Any CPU.ActiveCfg = Debug|Any CPU
		{61AD5DCD-747B-4BFA-BE1F-DAB40423EBAE}.Debug|Any CPU.Build.0 = Debug|Any CPU
		{61AD5DCD-747B-4BFA-BE1F-DAB40423EBAE}.Debug|x64.ActiveCfg = Debug|Any CPU
		{61AD5DCD-747B-4BFA-BE1F-DAB40423EBAE}.Debug|x64.Build.0 = Debug|Any CPU
		{61AD5DCD-747B-4BFA-BE1F-DAB40423EBAE}.Debug|x86.ActiveCfg = Debug|Any CPU
		{61AD5DCD-747B-4BFA-BE1F-DAB40423EBAE}.Debug|x86.Build.0 = Debug|Any CPU
		{61AD5DCD-747B-4BFA-BE1F-DAB40423EBAE}.Release|Any CPU.ActiveCfg = Release|Any CPU
		{61AD5DCD-747B-4BFA-BE1F-DAB40423EBAE}.Release|Any CPU.Build.0 = Release|Any CPU
		{61AD5DCD-747B-4BFA-BE1F-DAB40423EBAE}.Release|x64.ActiveCfg = Release|Any CPU
		{61AD5DCD-747B-4BFA-BE1F-DAB40423EBAE}.Release|x64.Build.0 = Release|Any CPU
		{61AD5DCD-747B-4BFA-BE1F-DAB40423EBAE}.Release|x86.ActiveCfg = Release|Any CPU
		{61AD5DCD-747B-4BFA-BE1F-DAB40423EBAE}.Release|x86.Build.0 = Release|Any CPU
		{1564C264-C385-4C19-9974-8DE9FD2075BA}.Debug|Any CPU.ActiveCfg = Debug|Any CPU
		{1564C264-C385-4C19-9974-8DE9FD2075BA}.Debug|Any CPU.Build.0 = Debug|Any CPU
		{1564C264-C385-4C19-9974-8DE9FD2075BA}.Debug|x64.ActiveCfg = Debug|Any CPU
		{1564C264-C385-4C19-9974-8DE9FD2075BA}.Debug|x64.Build.0 = Debug|Any CPU
		{1564C264-C385-4C19-9974-8DE9FD2075BA}.Debug|x86.ActiveCfg = Debug|Any CPU
		{1564C264-C385-4C19-9974-8DE9FD2075BA}.Debug|x86.Build.0 = Debug|Any CPU
		{1564C264-C385-4C19-9974-8DE9FD2075BA}.Release|Any CPU.ActiveCfg = Release|Any CPU
		{1564C264-C385-4C19-9974-8DE9FD2075BA}.Release|Any CPU.Build.0 = Release|Any CPU
		{1564C264-C385-4C19-9974-8DE9FD2075BA}.Release|x64.ActiveCfg = Release|Any CPU
		{1564C264-C385-4C19-9974-8DE9FD2075BA}.Release|x64.Build.0 = Release|Any CPU
		{1564C264-C385-4C19-9974-8DE9FD2075BA}.Release|x86.ActiveCfg = Release|Any CPU
		{1564C264-C385-4C19-9974-8DE9FD2075BA}.Release|x86.Build.0 = Release|Any CPU
		{81CE98E9-16B8-4F6F-AB5A-34BF28004BC5}.Debug|Any CPU.ActiveCfg = Debug|Any CPU
		{81CE98E9-16B8-4F6F-AB5A-34BF28004BC5}.Debug|Any CPU.Build.0 = Debug|Any CPU
		{81CE98E9-16B8-4F6F-AB5A-34BF28004BC5}.Debug|x64.ActiveCfg = Debug|Any CPU
		{81CE98E9-16B8-4F6F-AB5A-34BF28004BC5}.Debug|x64.Build.0 = Debug|Any CPU
		{81CE98E9-16B8-4F6F-AB5A-34BF28004BC5}.Debug|x86.ActiveCfg = Debug|Any CPU
		{81CE98E9-16B8-4F6F-AB5A-34BF28004BC5}.Debug|x86.Build.0 = Debug|Any CPU
		{81CE98E9-16B8-4F6F-AB5A-34BF28004BC5}.Release|Any CPU.ActiveCfg = Release|Any CPU
		{81CE98E9-16B8-4F6F-AB5A-34BF28004BC5}.Release|Any CPU.Build.0 = Release|Any CPU
		{81CE98E9-16B8-4F6F-AB5A-34BF28004BC5}.Release|x64.ActiveCfg = Release|Any CPU
		{81CE98E9-16B8-4F6F-AB5A-34BF28004BC5}.Release|x64.Build.0 = Release|Any CPU
		{81CE98E9-16B8-4F6F-AB5A-34BF28004BC5}.Release|x86.ActiveCfg = Release|Any CPU
		{81CE98E9-16B8-4F6F-AB5A-34BF28004BC5}.Release|x86.Build.0 = Release|Any CPU
	EndGlobalSection
EndGlobal
